<?xml version="1.0" encoding="utf-8"?>
<Project ToolsVersion="4.0" xmlns="http://schemas.microsoft.com/developer/msbuild/2003">
  <ItemGroup>
    <Filter Include="Source Files">
      <UniqueIdentifier>{4FC737F1-C7A5-4376-A066-2A32D752A2FF}</UniqueIdentifier>
      <Extensions>qml;cpp;c;cc;cxx;def;odl;idl;hpj;bat;asm;asmx</Extensions>
    </Filter>
    <Filter Include="Header Files">
      <UniqueIdentifier>{93995380-89BD-4b04-88EB-625FBE52EBFB}</UniqueIdentifier>
      <Extensions>h;hh;hpp;hxx;hm;inl;inc;xsd</Extensions>
    </Filter>
    <Filter Include="Resource Files">
      <UniqueIdentifier>{67DA6AB6-F800-4c08-8B7A-83BB121AAD01}</UniqueIdentifier>
      <Extensions>qrc;rc;ico;cur;bmp;dlg;rc2;rct;bin;rgs;gif;jpg;jpeg;jpe;resx;tiff;tif;png;wav;mfcribbon-ms</Extensions>
    </Filter>
    <Filter Include="Form Files">
      <UniqueIdentifier>{99349809-55BA-4b9d-BF79-8FDBB0286EB3}</UniqueIdentifier>
      <Extensions>ui</Extensions>
    </Filter>
    <Filter Include="Translation Files">
      <UniqueIdentifier>{639EADAA-A684-42e4-A9AD-28FC9BCB8F7C}</UniqueIdentifier>
      <Extensions>ts</Extensions>
    </Filter>
  </ItemGroup>
  <ItemGroup>
    <QtMoc Include="Plugin_ASERStudio.h">
      <Filter>Header Files</Filter>
    </QtMoc>
    <QtMoc Include="AStorySyntax\AStoryXDocument.h">
      <Filter>Header Files</Filter>
    </QtMoc>
    <QtMoc Include="ASEREnv\ASERProgram.h">
      <Filter>Header Files</Filter>
    </QtMoc>
    <QtMoc Include="ASEREnv\ASEDevIO.h">
      <Filter>Header Files</Filter>
    </QtMoc>
    <QtMoc Include="AStorySyntax\AStoryXController.h">
      <Filter>Header Files</Filter>
    </QtMoc>
    <QtMoc Include="AStorySyntax\private\AStoryXDocument_p.h">
      <Filter>Header Files</Filter>
    </QtMoc>
    <QtMoc Include="AStorySyntax\AStoryXValue.h">
      <Filter>Header Files</Filter>
    </QtMoc>
    <QtMoc Include="YSS\ASERFIleServer.h">
      <Filter>Header Files</Filter>
    </QtMoc>
    <QtMoc Include="YSS\ASERProjectTemplate.h">
      <Filter>Header Files</Filter>
    </QtMoc>
    <QtMoc Include="YSS\ASERFileTemplate.h">
      <Filter>Header Files</Filter>
    </QtMoc>
    <QtMoc Include="YSS\LS_AStoryXSyntaxHighlighter.h">
      <Filter>Header Files</Filter>
    </QtMoc>
  </ItemGroup>
  <ItemGroup>
    <ClCompile Include="main.cpp">
      <Filter>Source Files</Filter>
    </ClCompile>
    <ClCompile Include="cpp\Plugin_ASERStudio.cpp">
      <Filter>Source Files</Filter>
    </ClCompile>
    <ClCompile Include="ASEREnv\cpp\ASERProgram.cpp">
      <Filter>Source Files</Filter>
    </ClCompile>
    <ClCompile Include="AStorySyntax\cpp\AStoryXController.cpp">
      <Filter>Source Files</Filter>
    </ClCompile>
    <ClCompile Include="AStorySyntax\cpp\AStoryXControllerParseData.cpp">
      <Filter>Source Files</Filter>
    </ClCompile>
    <ClCompile Include="ASEREnv\cpp\ASEDevIO.cpp">
      <Filter>Source Files</Filter>
    </ClCompile>
    <ClCompile Include="AStorySyntax\cpp\AStoryXDiagnosticData.cpp">
      <Filter>Source Files</Filter>
    </ClCompile>
    <ClCompile Include="AStorySyntax\cpp\AStoryXPreprocessor.cpp">
      <Filter>Source Files</Filter>
    </ClCompile>
    <ClCompile Include="AStorySyntax\cpp\AStoryXRule.cpp">
      <Filter>Source Files</Filter>
    </ClCompile>
    <ClCompile Include="AStorySyntax\cpp\AStoryXDocument.cpp">
      <Filter>Source Files</Filter>
    </ClCompile>
    <ClCompile Include="AStorySyntax\cpp\AStoryXValue.cpp">
      <Filter>Source Files</Filter>
    </ClCompile>
    <ClCompile Include="YSS\cpp\ASERFileServer.cpp">
      <Filter>Source Files</Filter>
    </ClCompile>
    <ClCompile Include="YSS\cpp\ASERProjectTemplate.cpp">
      <Filter>Source Files</Filter>
    </ClCompile>
    <ClCompile Include="YSS\cpp\ASERFileTemplate.cpp">
      <Filter>Source Files</Filter>
    </ClCompile>
    <ClCompile Include="YSS\cpp\LS_AStoryXSyntaxHighlighter.cpp">
      <Filter>Source Files</Filter>
    </ClCompile>
    <ClCompile Include="YSS\cpp\LangServer_AStoryX.cpp">
      <Filter>Source Files</Filter>
    </ClCompile>
  </ItemGroup>
  <ItemGroup>
    <ClInclude Include="ASERStudioCompileMacro.h">
      <Filter>Header Files</Filter>
    </ClInclude>
    <ClInclude Include="AStorySyntax\AStoryXRule.h">
      <Filter>Header Files</Filter>
    </ClInclude>
    <ClInclude Include="AStorySyntax\AStoryXControllerParseData.h">
      <Filter>Header Files</Filter>
    </ClInclude>
    <ClInclude Include="AStorySyntax\AStoryXDiagnosticData.h">
      <Filter>Header Files</Filter>
    </ClInclude>
    <ClInclude Include="AStorySyntax\private\AStoryXControllerParseData_p.h">
      <Filter>Header Files</Filter>
    </ClInclude>
    <ClInclude Include="AStorySyntax\AStoryXPreprocessor.h">
      <Filter>Header Files</Filter>
    </ClInclude>
    <ClInclude Include="YSS\LangServer_AStoryX.h">
      <Filter>Header Files</Filter>
    </ClInclude>
  </ItemGroup>
  <ItemGroup>
    <QtRcc Include="Plugin_ASERStudio.qrc">
      <Filter>Resource Files</Filter>
    </QtRcc>
  </ItemGroup>
  <ItemGroup>
    <None Include="resource\cn.yxgeneral.aserstudio\astoryxMeta\default.json" />
  </ItemGroup>
</Project>