<?xml version="1.0" encoding="utf-8"?>
<Project ToolsVersion="4.0" xmlns="http://schemas.microsoft.com/developer/msbuild/2003">
  <ItemGroup>
    <Filter Include="Source Files">
      <UniqueIdentifier>{4FC737F1-C7A5-4376-A066-2A32D752A2FF}</UniqueIdentifier>
      <Extensions>qml;cpp;c;cc;cxx;def;odl;idl;hpj;bat;asm;asmx</Extensions>
    </Filter>
    <Filter Include="Header Files">
      <UniqueIdentifier>{93995380-89BD-4b04-88EB-625FBE52EBFB}</UniqueIdentifier>
      <Extensions>h;hh;hpp;hxx;hm;inl;inc;xsd</Extensions>
    </Filter>
    <Filter Include="Resource Files">
      <UniqueIdentifier>{67DA6AB6-F800-4c08-8B7A-83BB121AAD01}</UniqueIdentifier>
      <Extensions>qrc;rc;ico;cur;bmp;dlg;rc2;rct;bin;rgs;gif;jpg;jpeg;jpe;resx;tiff;tif;png;wav;mfcribbon-ms</Extensions>
    </Filter>
    <Filter Include="Form Files">
      <UniqueIdentifier>{99349809-55BA-4b9d-BF79-8FDBB0286EB3}</UniqueIdentifier>
      <Extensions>ui</Extensions>
    </Filter>
    <Filter Include="Translation Files">
      <UniqueIdentifier>{639EADAA-A684-42e4-A9AD-28FC9BCB8F7C}</UniqueIdentifier>
      <Extensions>ts</Extensions>
    </Filter>
  </ItemGroup>
  <ItemGroup>
    <ClCompile Include="main.cpp">
      <Filter>Source Files</Filter>
    </ClCompile>
    <ClCompile Include="Editor\MainEditor\cpp\HoverTip.cpp">
      <Filter>Source Files</Filter>
    </ClCompile>
    <ClCompile Include="Editor\MainEditor\cpp\MainWin.cpp">
      <Filter>Source Files</Filter>
    </ClCompile>
    <ClCompile Include="Editor\MainEditor\cpp\PlayerProxy.cpp">
      <Filter>Source Files</Filter>
    </ClCompile>
    <ClCompile Include="Editor\MainEditor\cpp\StackBar.cpp">
      <Filter>Source Files</Filter>
    </ClCompile>
    <ClCompile Include="Editor\MainEditor\cpp\StackBarLabel.cpp">
      <Filter>Source Files</Filter>
    </ClCompile>
    <ClCompile Include="Editor\MainEditor\cpp\FileEditorArea.cpp">
      <Filter>Source Files</Filter>
    </ClCompile>
    <ClCompile Include="Editor\MainEditor\cpp\ResourceBrowser.cpp">
      <Filter>Source Files</Filter>
    </ClCompile>
    <ClCompile Include="Editor\cpp\GlobalValue.cpp">
      <Filter>Source Files</Filter>
    </ClCompile>
    <ClCompile Include="Editor\TitlePage\cpp\TitlePage.cpp">
      <Filter>Source Files</Filter>
    </ClCompile>
    <ClCompile Include="Editor\ProjectPage\cpp\ProjectTemplateLabel.cpp">
      <Filter>Source Files</Filter>
    </ClCompile>
    <ClCompile Include="Editor\cpp\YSSTranslator.cpp">
      <Filter>Source Files</Filter>
    </ClCompile>
    <ClCompile Include="test.cpp">
      <Filter>Source Files</Filter>
    </ClCompile>
    <ClCompile Include="Editor\ProjectPage\cpp\ProjectInfoWidget.cpp">
      <Filter>Source Files</Filter>
    </ClCompile>
    <ClCompile Include="Editor\ProjectPage\cpp\ProjectWin.cpp">
      <Filter>Source Files</Filter>
    </ClCompile>
    <ClCompile Include="Editor\SimpleWidget\cpp\EAWarningWidget.cpp">
      <Filter>Source Files</Filter>
    </ClCompile>
  </ItemGroup>
  <ItemGroup>
    <QtMoc Include="Editor\MainEditor\HoverTip.h">
      <Filter>Header Files</Filter>
    </QtMoc>
    <QtMoc Include="Editor\MainEditor\MainWin.h">
      <Filter>Header Files</Filter>
    </QtMoc>
    <QtMoc Include="Editor\MainEditor\PlayerProxy.h">
      <Filter>Header Files</Filter>
    </QtMoc>
    <QtMoc Include="Editor\MainEditor\StackBar.h">
      <Filter>Header Files</Filter>
    </QtMoc>
    <QtMoc Include="Editor\MainEditor\FileEditorArea.h">
      <Filter>Header Files</Filter>
    </QtMoc>
    <QtMoc Include="Editor\MainEditor\StackBarLabel.h">
      <Filter>Header Files</Filter>
    </QtMoc>
    <QtMoc Include="Editor\MainEditor\ResourceBrowser.h">
      <Filter>Header Files</Filter>
    </QtMoc>
    <QtMoc Include="Editor\TitlePage\TitlePage.h">
      <Filter>Header Files</Filter>
    </QtMoc>
    <QtMoc Include="Editor\GlobalValue.h">
      <Filter>Header Files</Filter>
    </QtMoc>
    <QtMoc Include="Editor\ProjectPage\ProjectWin.h">
      <Filter>Header Files</Filter>
    </QtMoc>
    <QtMoc Include="Editor\ProjectPage\ProjectTemplateLabel.h">
      <Filter>Header Files</Filter>
    </QtMoc>
    <QtMoc Include="Editor\ProjectPage\ProjectInfoWidget.h">
      <Filter>Header Files</Filter>
    </QtMoc>
    <QtMoc Include="Editor\SimpleWidget\EAWarningWidget.h">
      <Filter>Header Files</Filter>
    </QtMoc>
  </ItemGroup>
  <ItemGroup>
    <QtRcc Include="YayinStoryEditor.qrc">
      <Filter>Resource Files</Filter>
    </QtRcc>
  </ItemGroup>
  <ItemGroup>
    <ClInclude Include="Editor\ProjectPage\HistoryProject.h">
      <Filter>Header Files</Filter>
    </ClInclude>
    <ClInclude Include="Editor\YSSTranslator.h">
      <Filter>Header Files</Filter>
    </ClInclude>
    <ClInclude Include="test_main.h">
      <Filter>Header Files</Filter>
    </ClInclude>
  </ItemGroup>
</Project>