<?xml version="1.0" encoding="utf-8"?>
<Project ToolsVersion="4.0" xmlns="http://schemas.microsoft.com/developer/msbuild/2003">
  <ItemGroup>
    <Filter Include="Source Files">
      <UniqueIdentifier>{4FC737F1-C7A5-4376-A066-2A32D752A2FF}</UniqueIdentifier>
      <Extensions>qml;cpp;c;cc;cxx;def;odl;idl;hpj;bat;asm;asmx</Extensions>
    </Filter>
    <Filter Include="Header Files">
      <UniqueIdentifier>{93995380-89BD-4b04-88EB-625FBE52EBFB}</UniqueIdentifier>
      <Extensions>h;hh;hpp;hxx;hm;inl;inc;xsd</Extensions>
    </Filter>
  </ItemGroup>
  <ItemGroup>
    <ClCompile Include="Agent\cpp\Center.cpp">
      <Filter>Source Files</Filter>
    </ClCompile>
    <ClCompile Include="Agent\cpp\Dialog.cpp">
      <Filter>Source Files</Filter>
    </ClCompile>
    <ClCompile Include="Agent\cpp\Function.cpp">
      <Filter>Source Files</Filter>
    </ClCompile>
    <ClCompile Include="Agent\cpp\MCP.cpp">
      <Filter>Source Files</Filter>
    </ClCompile>
    <ClCompile Include="Agent\cpp\Model.cpp">
      <Filter>Source Files</Filter>
    </ClCompile>
    <ClCompile Include="Agent\cpp\Prompt.cpp">
      <Filter>Source Files</Filter>
    </ClCompile>
    <ClCompile Include="Agent\cpp\Provider.cpp">
      <Filter>Source Files</Filter>
    </ClCompile>
    <ClCompile Include="Agent\cpp\Skill.cpp">
      <Filter>Source Files</Filter>
    </ClCompile>
    <ClCompile Include="AgentPage\cpp\AgentWin.cpp">
      <Filter>Source Files</Filter>
    </ClCompile>
  </ItemGroup>
  <ItemGroup>
    <QtMoc Include="Agent\Center.h">
      <Filter>Header Files</Filter>
    </QtMoc>
    <QtMoc Include="Agent\Dialog.h">
      <Filter>Header Files</Filter>
    </QtMoc>
    <QtMoc Include="Agent\MCP.h">
      <Filter>Header Files</Filter>
    </QtMoc>
    <QtMoc Include="Agent\Model.h">
      <Filter>Header Files</Filter>
    </QtMoc>
    <QtMoc Include="AgentPage\AgentWin.h">
      <Filter>Header Files</Filter>
    </QtMoc>
  </ItemGroup>
  <ItemGroup>
    <ClInclude Include="Agent\Function.h">
      <Filter>Header Files</Filter>
    </ClInclude>
    <ClInclude Include="Agent\Prompt.h">
      <Filter>Header Files</Filter>
    </ClInclude>
    <ClInclude Include="Agent\Provider.h">
      <Filter>Header Files</Filter>
    </ClInclude>
    <ClInclude Include="Agent\Skill.h">
      <Filter>Header Files</Filter>
    </ClInclude>
    <ClInclude Include="Agent\private\Center_p.h">
      <Filter>Header Files</Filter>
    </ClInclude>
    <ClInclude Include="Agent\private\Dialog_p.h">
      <Filter>Header Files</Filter>
    </ClInclude>
    <ClInclude Include="Agent\private\MCP_p.h">
      <Filter>Header Files</Filter>
    </ClInclude>
    <ClInclude Include="Agent\private\Model_p.h">
      <Filter>Header Files</Filter>
    </ClInclude>
    <ClInclude Include="Agent\private\Prompt_p.h">
      <Filter>Header Files</Filter>
    </ClInclude>
    <ClInclude Include="Agent\private\Provider_p.h">
      <Filter>Header Files</Filter>
    </ClInclude>
    <ClInclude Include="Agent\private\Skill_p.h">
      <Filter>Header Files</Filter>
    </ClInclude>
    <ClInclude Include="VIAgentCompileMacro.h">
      <Filter>Header Files</Filter>
    </ClInclude>
  </ItemGroup>
</Project>
